
Microsoft Visual Studio Solution File, Format Version 12.00
# Visual Studio Version 16
VisualStudioVersion = 16.0.29326.143
MinimumVisualStudioVersion = 10.0.40219.1
Project("{FAE04EC0-301F-11D3-BF4B-00C04F79EFBC}") = "FirstDemoWebsite", "FirstDemoWebsite\FirstDemoWebsite.csproj", "{64C28BB1-7C79-4672-9544-0AF264A40F49}"
EndProject
Global
	GlobalSection(SolutionConfigurationPlatforms) = preSolution
		Debug|Any CPU = Debug|Any CPU
		Release|Any CPU = Release|Any CPU
	EndGlobalSection
	GlobalSection(ProjectConfigurationPlatforms) = postSolution
		{64C28BB1-7C79-4672-9544-0AF264A40F49}.Debug|Any CPU.ActiveCfg = Debug|Any CPU
		{64C28BB1-7C79-4672-9544-0AF264A40F49}.Debug|Any CPU.Build.0 = Debug|Any CPU
		{64C28BB1-7C79-4672-9544-0AF264A40F49}.Release|Any CPU.ActiveCfg = Release|Any CPU
		{64C28BB1-7C79-4672-9544-0AF264A40F49}.Release|Any CPU.Build.0 = Release|Any CPU
	EndGlobalSection
	GlobalSection(SolutionProperties) = preSolution
		HideSolutionNode = FALSE
	EndGlobalSection
	GlobalSection(ExtensibilityGlobals) = postSolution
		SolutionGuid = {5977524C-F17F-4C68-8361-A6C787E915C0}
	EndGlobalSection
EndGlobal
